
Microsoft Visual Studio Solution File, Format Version 12.00
# Visual Studio Version 16
VisualStudioVersion = 16.0.29020.237
MinimumVisualStudioVersion = 10.0.40219.1
Project("{2150E333-8FDC-42A3-9474-1A3956D46DE8}") = "Solution Items", "Solution Items", "{754C982F-A534-4183-AF12-AA6B0C5567BA}"
	ProjectSection(SolutionItems) = preProject
		..\.editorconfig = ..\.editorconfig
		..\.gitignore = ..\.gitignore
		..\CONTRIBUTING.MD = ..\CONTRIBUTING.MD
		..\Dockerfile = ..\Dockerfile
		..\LICENSE = ..\LICENSE
		..\README.md = ..\README.md
		..\stylecop.json = ..\stylecop.json
		..\THIRDPARTYNOTICES.md = ..\THIRDPARTYNOTICES.md
	EndProjectSection
EndProject
Project("{9A19103F-16F7-4668-BE54-9A1E7A4F7556}") = "argonaut-subscription-server-proxy", "..\argonaut-subscription-server-proxy\argonaut-subscription-server-proxy.csproj", "{16FBE99B-5F8B-41A8-935A-44AAEFC28DCC}"
EndProject
Project("{2150E333-8FDC-42A3-9474-1A3956D46DE8}") = "GH Workflows", "GH Workflows", "{386B6245-B98E-4E28-BDF5-BF077B76B121}"
	ProjectSection(SolutionItems) = preProject
		..\.github\workflows\main.yml = ..\.github\workflows\main.yml
	EndProjectSection
EndProject
Global
	GlobalSection(SolutionConfigurationPlatforms) = preSolution
		Debug|Any CPU = Debug|Any CPU
		Release|Any CPU = Release|Any CPU
	EndGlobalSection
	GlobalSection(ProjectConfigurationPlatforms) = postSolution
		{16FBE99B-5F8B-41A8-935A-44AAEFC28DCC}.Debug|Any CPU.ActiveCfg = Debug|Any CPU
		{16FBE99B-5F8B-41A8-935A-44AAEFC28DCC}.Debug|Any CPU.Build.0 = Debug|Any CPU
		{16FBE99B-5F8B-41A8-935A-44AAEFC28DCC}.Release|Any CPU.ActiveCfg = Release|Any CPU
		{16FBE99B-5F8B-41A8-935A-44AAEFC28DCC}.Release|Any CPU.Build.0 = Release|Any CPU
	EndGlobalSection
	GlobalSection(SolutionProperties) = preSolution
		HideSolutionNode = FALSE
	EndGlobalSection
	GlobalSection(ExtensibilityGlobals) = postSolution
		SolutionGuid = {41495E35-2E87-4B2C-B8ED-8C188D194618}
	EndGlobalSection
EndGlobal
